{
  "name": "gesturevolume-store-art",
  "lockfileVersion": 3,
  "requires": true,
  "packages": {
    "": {
      "name": "gesturevolume-store-art",
      "dependencies": {
        "@fontsource/manrope": "^5.3.0",
        "@fontsource/outfit": "^5.3.0",
        "@fontsource/plus-jakarta-sans": "^5.3.0",
        "@fontsource/roboto": "^5.3.0",
        "@fontsource/roboto-mono": "^5.3.0",
        "@material-design-icons/svg": "^0.14.15"
      },
      "devDependencies": {
        "playwright": "^1.56.1"
      }
    },
    "node_modules/@fontsource/manrope": {
      "version": "5.3.0",
      "resolved": "https://registry.npmjs.org/@fontsource/manrope/-/manrope-5.3.0.tgz",
      "integrity": "sha512-obJ1Dv3+uCA6HlHgW8u4BGYxJR9In2HW7gjJhlflEvkrj1X1iSEwu0fToL+JYGC/FEKFfIz1sBuPduvcL2gIAA==",
      "license": "OFL-1.1",
      "funding": {
        "url": "https://github.com/sponsors/ayuhito"
      }
    },
    "node_modules/@fontsource/outfit": {
      "version": "5.3.0",
      "resolved": "https://registry.npmjs.org/@fontsource/outfit/-/outfit-5.3.0.tgz",
      "integrity": "sha512-0AVHzTTVJSxWDOxPKSfMeHhZeBFDU3cmgrcOb76ZEyhGo0+xgyG3GsLF3h9+X8w0IX7G4jzjJgFQEBiWdX6VgA==",
      "license": "OFL-1.1",
      "funding": {
        "url": "https://github.com/sponsors/ayuhito"
      }
    },
    "node_modules/@fontsource/plus-jakarta-sans": {
      "version": "5.3.0",
      "resolved": "https://registry.npmjs.org/@fontsource/plus-jakarta-sans/-/plus-jakarta-sans-5.3.0.tgz",
      "integrity": "sha512-9WRw3G74Ve4cyPApAZSXLPY5DiLOZXDn7Q7dIBjFBpA0Pj56ljDItEdy2UUajjJxRuTg2HkMLO5C3K2nAQORWg==",
      "license": "OFL-1.1",
      "funding": {
        "url": "https://github.com/sponsors/ayuhito"
      }
    },
    "node_modules/@fontsource/roboto": {
      "version": "5.3.0",
      "resolved": "https://registry.npmjs.org/@fontsource/roboto/-/roboto-5.3.0.tgz",
      "integrity": "sha512-BapRJOWYP+LZ21zp+wBQjfpPYKRoxc4LspJ/RLuI+HSMBD5u/X4O+ESDrSvEqDSy0rAl7GwBJ+09mdc16cVQ1Q==",
      "license": "OFL-1.1",
      "funding": {
        "url": "https://github.com/sponsors/ayuhito"
      }
    },
    "node_modules/@fontsource/roboto-mono": {
      "version": "5.3.0",
      "resolved": "https://registry.npmjs.org/@fontsource/roboto-mono/-/roboto-mono-5.3.0.tgz",
      "integrity": "sha512-yhwplHMHW9dCk+1pZuERfcJe+K3rosGVZEoK0XktkxRSqQ9qsipSwwiuW2/8Qmtp9lzu3Ixa/ie4BMH3i8CkZQ==",
      "license": "OFL-1.1",
      "funding": {
        "url": "https://github.com/sponsors/ayuhito"
      }
    },
    "node_modules/@material-design-icons/svg": {
      "version": "0.14.15",
      "resolved": "https://registry.npmjs.org/@material-design-icons/svg/-/svg-0.14.15.tgz",
      "integrity": "sha512-6nbjwGwyJnphwQUscJAYqw1Tk6+W8KvsgOAeyVgzIFXVsHfgX5XyplTUcZ29wbcTUysMMyCUi1LYpmFKA/e61g==",
      "license": "Apache-2.0"
    },
    "node_modules/fsevents": {
      "version": "2.3.2",
      "resolved": "https://registry.npmjs.org/fsevents/-/fsevents-2.3.2.tgz",
      "integrity": "sha512-xiqMQR4xAeHTuB9uWm+fFRcIOgKBMiOBP+eXiyT7jsgVCq1bkVygt00oASowB7EdtpOHaaPgKt812P9ab+DDKA==",
      "dev": true,
      "hasInstallScript": true,
      "license": "MIT",
      "optional": true,
      "os": [
        "darwin"
      ],
      "engines": {
        "node": "^8.16.0 || ^10.6.0 || >=11.0.0"
      }
    },
    "node_modules/playwright": {
      "version": "1.56.1",
      "resolved": "https://registry.npmjs.org/playwright/-/playwright-1.56.1.tgz",
      "integrity": "sha512-aFi5B0WovBHTEvpM3DzXTUaeN6eN0qWnTkKx4NQaH4Wvcmc153PdaY2UBdSYKaGYw+UyWXSVyxDUg5DoPEttjw==",
      "dev": true,
      "license": "Apache-2.0",
      "dependencies": {
        "playwright-core": "1.56.1"
      },
      "bin": {
        "playwright": "cli.js"
      },
      "engines": {
        "node": ">=18"
      },
      "optionalDependencies": {
        "fsevents": "2.3.2"
      }
    },
    "node_modules/playwright-core": {
      "version": "1.56.1",
      "resolved": "https://registry.npmjs.org/playwright-core/-/playwright-core-1.56.1.tgz",
      "integrity": "sha512-hutraynyn31F+Bifme+Ps9Vq59hKuUCz7H1kDOcBs+2oGguKkWTU50bBWrtz34OUWmIwpBTWDxaRPXrIXkgvmQ==",
      "dev": true,
      "license": "Apache-2.0",
      "bin": {
        "playwright-core": "cli.js"
      },
      "engines": {
        "node": ">=18"
      }
    }
  }
}
